
Microsoft Visual Studio Solution File, Format Version 12.00
Project("{FAE04EC0-301F-11D3-BF4B-00C04F79EFBC}") = "payroll-challenge-api", "payroll-challenge-api\payroll-challenge-api.csproj", "{22A0EF02-B234-4A47-83CD-089B3CAADE54}"
EndProject
Global
	GlobalSection(SolutionConfigurationPlatforms) = preSolution
		Debug|Any CPU = Debug|Any CPU
		Release|Any CPU = Release|Any CPU
	EndGlobalSection
	GlobalSection(ProjectConfigurationPlatforms) = postSolution
		{22A0EF02-B234-4A47-83CD-089B3CAADE54}.Debug|Any CPU.ActiveCfg = Debug|Any CPU
		{22A0EF02-B234-4A47-83CD-089B3CAADE54}.Debug|Any CPU.Build.0 = Debug|Any CPU
		{22A0EF02-B234-4A47-83CD-089B3CAADE54}.Release|Any CPU.ActiveCfg = Release|Any CPU
		{22A0EF02-B234-4A47-83CD-089B3CAADE54}.Release|Any CPU.Build.0 = Release|Any CPU
	EndGlobalSection
EndGlobal
